
Microsoft Visual Studio Solution File, Format Version 12.00
# Visual Studio Version 17
VisualStudioVersion = 17.4.33110.190
MinimumVisualStudioVersion = 10.0.40219.1
Project("{FAE04EC0-301F-11D3-BF4B-00C04F79EFBC}") = "ZOODigitalTechTest", "ZOODigitalTechTest\ZOODigitalTechTest.csproj", "{089FFC8C-0367-4657-8564-2AA2ABBB5DA2}"
EndProject
Global
	GlobalSection(SolutionConfigurationPlatforms) = preSolution
		Debug|Any CPU = Debug|Any CPU
		Release|Any CPU = Release|Any CPU
	EndGlobalSection
	GlobalSection(ProjectConfigurationPlatforms) = postSolution
		{089FFC8C-0367-4657-8564-2AA2ABBB5DA2}.Debug|Any CPU.ActiveCfg = Debug|Any CPU
		{089FFC8C-0367-4657-8564-2AA2ABBB5DA2}.Debug|Any CPU.Build.0 = Debug|Any CPU
		{089FFC8C-0367-4657-8564-2AA2ABBB5DA2}.Release|Any CPU.ActiveCfg = Release|Any CPU
		{089FFC8C-0367-4657-8564-2AA2ABBB5DA2}.Release|Any CPU.Build.0 = Release|Any CPU
	EndGlobalSection
	GlobalSection(SolutionProperties) = preSolution
		HideSolutionNode = FALSE
	EndGlobalSection
	GlobalSection(ExtensibilityGlobals) = postSolution
		SolutionGuid = {55B9FECE-2EF7-4D13-87D9-52AB28E6BCE6}
	EndGlobalSection
EndGlobal
